// !$*UTF8*$!
{
	archiveVersion = 1;
	classes = {
	};
	objectVersion = 46;
	objects = {

/* Begin PBXBuildFile section */
		AB51F7D219A93FE100DEDA9F /* Foundation.framework in Frameworks */ = {isa = PBXBuildFile; fileRef = AB51F7D119A93FE100DEDA9F /* Foundation.framework */; };
		AB51F7D419A93FE100DEDA9F /* CoreGraphics.framework in Frameworks */ = {isa = PBXBuildFile; fileRef = AB51F7D319A93FE100DEDA9F /* CoreGraphics.framework */; };
		AB51F7D619A93FE100DEDA9F /* UIKit.framework in Frameworks */ = {isa = PBXBuildFile; fileRef = AB51F7D519A93FE100DEDA9F /* UIKit.framework */; };
		AB51F7DC19A93FE100DEDA9F /* InfoPlist.strings in Resources */ = {isa = PBXBuildFile; fileRef = AB51F7DA19A93FE100DEDA9F /* InfoPlist.strings */; };
		AB51F7DE19A93FE100DEDA9F /* main.m in Sources */ = {isa = PBXBuildFile; fileRef = AB51F7DD19A93FE100DEDA9F /* main.m */; };
		AB51F7E219A93FE100DEDA9F /* CSAppDelegate.m in Sources */ = {isa = PBXBuildFile; fileRef = AB51F7E119A93FE100DEDA9F /* CSAppDelegate.m */; };
		AB51F7E419A93FE100DEDA9F /* Images.xcassets in Resources */ = {isa = PBXBuildFile; fileRef = AB51F7E319A93FE100DEDA9F /* Images.xcassets */; };
		AB51F7EB19A93FE100DEDA9F /* XCTest.framework in Frameworks */ = {isa = PBXBuildFile; fileRef = AB51F7EA19A93FE100DEDA9F /* XCTest.framework */; };
		AB51F7EC19A93FE100DEDA9F /* Foundation.framework in Frameworks */ = {isa = PBXBuildFile; fileRef = AB51F7D119A93FE100DEDA9F /* Foundation.framework */; };
		AB51F7ED19A93FE100DEDA9F /* UIKit.framework in Frameworks */ = {isa = PBXBuildFile; fileRef = AB51F7D519A93FE100DEDA9F /* UIKit.framework */; };
		AB51F7F519A93FE100DEDA9F /* InfoPlist.strings in Resources */ = {isa = PBXBuildFile; fileRef = AB51F7F319A93FE100DEDA9F /* InfoPlist.strings */; };
		AB51F7F719A93FE100DEDA9F /* Project4_Drag_StartTests.m in Sources */ = {isa = PBXBuildFile; fileRef = AB51F7F619A93FE100DEDA9F /* Project4_Drag_StartTests.m */; };
		AB51F81F19A9401700DEDA9F /* CSAuthorView.m in Sources */ = {isa = PBXBuildFile; fileRef = AB51F80119A9401700DEDA9F /* CSAuthorView.m */; };
		AB51F82019A9401700DEDA9F /* CSDismissSettingsAnimatorController.m in Sources */ = {isa = PBXBuildFile; fileRef = AB51F80319A9401700DEDA9F /* CSDismissSettingsAnimatorController.m */; };
		AB51F82119A9401700DEDA9F /* CSPresentSettingsAnimationController.m in Sources */ = {isa = PBXBuildFile; fileRef = AB51F80519A9401700DEDA9F /* CSPresentSettingsAnimationController.m */; };
		AB51F82219A9401700DEDA9F /* CSSettingsViewController.m in Sources */ = {isa = PBXBuildFile; fileRef = AB51F80719A9401700DEDA9F /* CSSettingsViewController.m */; };
		AB51F82319A9401700DEDA9F /* CSSettingsViewController.xib in Resources */ = {isa = PBXBuildFile; fileRef = AB51F80819A9401700DEDA9F /* CSSettingsViewController.xib */; };
		AB51F82419A9401700DEDA9F /* CSStoriesTableViewController.m in Sources */ = {isa = PBXBuildFile; fileRef = AB51F80A19A9401700DEDA9F /* CSStoriesTableViewController.m */; };
		AB51F82519A9401700DEDA9F /* CSStoriesTableViewController.xib in Resources */ = {isa = PBXBuildFile; fileRef = AB51F80B19A9401700DEDA9F /* CSStoriesTableViewController.xib */; };
		AB51F82619A9401700DEDA9F /* CSStoryCell.m in Sources */ = {isa = PBXBuildFile; fileRef = AB51F80D19A9401700DEDA9F /* CSStoryCell.m */; };
		AB51F82719A9401700DEDA9F /* CSStoryCell.xib in Resources */ = {isa = PBXBuildFile; fileRef = AB51F80E19A9401700DEDA9F /* CSStoryCell.xib */; };
		AB51F82819A9401700DEDA9F /* CSStoryViewController.m in Sources */ = {isa = PBXBuildFile; fileRef = AB51F81019A9401700DEDA9F /* CSStoryViewController.m */; };
		AB51F82919A9401700DEDA9F /* CSStoryViewController.xib in Resources */ = {isa = PBXBuildFile; fileRef = AB51F81119A9401700DEDA9F /* CSStoryViewController.xib */; };
		AB51F82A19A9401700DEDA9F /* NetworkStubs.m in Sources */ = {isa = PBXBuildFile; fileRef = AB51F81319A9401700DEDA9F /* NetworkStubs.m */; };
		AB51F82B19A9401700DEDA9F /* OHHTTPStubs+NSURLSessionConfiguration.m in Sources */ = {isa = PBXBuildFile; fileRef = AB51F81519A9401700DEDA9F /* OHHTTPStubs+NSURLSessionConfiguration.m */; };
		AB51F82C19A9401700DEDA9F /* OHHTTPStubs.m in Sources */ = {isa = PBXBuildFile; fileRef = AB51F81719A9401700DEDA9F /* OHHTTPStubs.m */; };
		AB51F82D19A9401700DEDA9F /* OHHTTPStubsResponse+HTTPMessage.m in Sources */ = {isa = PBXBuildFile; fileRef = AB51F81919A9401700DEDA9F /* OHHTTPStubsResponse+HTTPMessage.m */; };
		AB51F82E19A9401700DEDA9F /* OHHTTPStubsResponse+JSON.m in Sources */ = {isa = PBXBuildFile; fileRef = AB51F81B19A9401700DEDA9F /* OHHTTPStubsResponse+JSON.m */; };
		AB51F82F19A9401700DEDA9F /* OHHTTPStubsResponse.m in Sources */ = {isa = PBXBuildFile; fileRef = AB51F81D19A9401700DEDA9F /* OHHTTPStubsResponse.m */; };
		AB51F83019A9401700DEDA9F /* stories.json in Resources */ = {isa = PBXBuildFile; fileRef = AB51F81E19A9401700DEDA9F /* stories.json */; };
/* End PBXBuildFile section */

/* Begin PBXContainerItemProxy section */
		AB51F7EE19A93FE100DEDA9F /* PBXContainerItemProxy */ = {
			isa = PBXContainerItemProxy;
			containerPortal = AB51F7C619A93FE100DEDA9F /* Project object */;
			proxyType = 1;
			remoteGlobalIDString = AB51F7CD19A93FE100DEDA9F;
			remoteInfo = "Project4-Drag-Start";
		};
/* End PBXContainerItemProxy section */

/* Begin PBXFileReference section */
		AB51F7CE19A93FE100DEDA9F /* Project4-Drag-Start.app */ = {isa = PBXFileReference; explicitFileType = wrapper.application; includeInIndex = 0; path = "Project4-Drag-Start.app"; sourceTree = BUILT_PRODUCTS_DIR; };
		AB51F7D119A93FE100DEDA9F /* Foundation.framework */ = {isa = PBXFileReference; lastKnownFileType = wrapper.framework; name = Foundation.framework; path = System/Library/Frameworks/Foundation.framework; sourceTree = SDKROOT; };
		AB51F7D319A93FE100DEDA9F /* CoreGraphics.framework */ = {isa = PBXFileReference; lastKnownFileType = wrapper.framework; name = CoreGraphics.framework; path = System/Library/Frameworks/CoreGraphics.framework; sourceTree = SDKROOT; };
		AB51F7D519A93FE100DEDA9F /* UIKit.framework */ = {isa = PBXFileReference; lastKnownFileType = wrapper.framework; name = UIKit.framework; path = System/Library/Frameworks/UIKit.framework; sourceTree = SDKROOT; };
		AB51F7D919A93FE100DEDA9F /* Project4-Drag-Start-Info.plist */ = {isa = PBXFileReference; lastKnownFileType = text.plist.xml; path = "Project4-Drag-Start-Info.plist"; sourceTree = "<group>"; };
		AB51F7DB19A93FE100DEDA9F /* en */ = {isa = PBXFileReference; lastKnownFileType = text.plist.strings; name = en; path = en.lproj/InfoPlist.strings; sourceTree = "<group>"; };
		AB51F7DD19A93FE100DEDA9F /* main.m */ = {isa = PBXFileReference; lastKnownFileType = sourcecode.c.objc; path = main.m; sourceTree = "<group>"; };
		AB51F7DF19A93FE100DEDA9F /* Project4-Drag-Start-Prefix.pch */ = {isa = PBXFileReference; lastKnownFileType = sourcecode.c.h; path = "Project4-Drag-Start-Prefix.pch"; sourceTree = "<group>"; };
		AB51F7E019A93FE100DEDA9F /* CSAppDelegate.h */ = {isa = PBXFileReference; lastKnownFileType = sourcecode.c.h; path = CSAppDelegate.h; sourceTree = "<group>"; };
		AB51F7E119A93FE100DEDA9F /* CSAppDelegate.m */ = {isa = PBXFileReference; lastKnownFileType = sourcecode.c.objc; path = CSAppDelegate.m; sourceTree = "<group>"; };
		AB51F7E319A93FE100DEDA9F /* Images.xcassets */ = {isa = PBXFileReference; lastKnownFileType = folder.assetcatalog; path = Images.xcassets; sourceTree = "<group>"; };
		AB51F7E919A93FE100DEDA9F /* Project4-Drag-StartTests.xctest */ = {isa = PBXFileReference; explicitFileType = wrapper.cfbundle; includeInIndex = 0; path = "Project4-Drag-StartTests.xctest"; sourceTree = BUILT_PRODUCTS_DIR; };
		AB51F7EA19A93FE100DEDA9F /* XCTest.framework */ = {isa = PBXFileReference; lastKnownFileType = wrapper.framework; name = XCTest.framework; path = Library/Frameworks/XCTest.framework; sourceTree = DEVELOPER_DIR; };
		AB51F7F219A93FE100DEDA9F /* Project4-Drag-StartTests-Info.plist */ = {isa = PBXFileReference; lastKnownFileType = text.plist.xml; path = "Project4-Drag-StartTests-Info.plist"; sourceTree = "<group>"; };
		AB51F7F419A93FE100DEDA9F /* en */ = {isa = PBXFileReference; lastKnownFileType = text.plist.strings; name = en; path = en.lproj/InfoPlist.strings; sourceTree = "<group>"; };
		AB51F7F619A93FE100DEDA9F /* Project4_Drag_StartTests.m */ = {isa = PBXFileReference; lastKnownFileType = sourcecode.c.objc; path = Project4_Drag_StartTests.m; sourceTree = "<group>"; };
		AB51F80019A9401700DEDA9F /* CSAuthorView.h */ = {isa = PBXFileReference; fileEncoding = 4; lastKnownFileType = sourcecode.c.h; path = CSAuthorView.h; sourceTree = "<group>"; };
		AB51F80119A9401700DEDA9F /* CSAuthorView.m */ = {isa = PBXFileReference; fileEncoding = 4; lastKnownFileType = sourcecode.c.objc; path = CSAuthorView.m; sourceTree = "<group>"; };
		AB51F80219A9401700DEDA9F /* CSDismissSettingsAnimatorController.h */ = {isa = PBXFileReference; fileEncoding = 4; lastKnownFileType = sourcecode.c.h; path = CSDismissSettingsAnimatorController.h; sourceTree = "<group>"; };
		AB51F80319A9401700DEDA9F /* CSDismissSettingsAnimatorController.m */ = {isa = PBXFileReference; fileEncoding = 4; lastKnownFileType = sourcecode.c.objc; path = CSDismissSettingsAnimatorController.m; sourceTree = "<group>"; };
		AB51F80419A9401700DEDA9F /* CSPresentSettingsAnimationController.h */ = {isa = PBXFileReference; fileEncoding = 4; lastKnownFileType = sourcecode.c.h; path = CSPresentSettingsAnimationController.h; sourceTree = "<group>"; };
		AB51F80519A9401700DEDA9F /* CSPresentSettingsAnimationController.m */ = {isa = PBXFileReference; fileEncoding = 4; lastKnownFileType = sourcecode.c.objc; path = CSPresentSettingsAnimationController.m; sourceTree = "<group>"; };
		AB51F80619A9401700DEDA9F /* CSSettingsViewController.h */ = {isa = PBXFileReference; fileEncoding = 4; lastKnownFileType = sourcecode.c.h; path = CSSettingsViewController.h; sourceTree = "<group>"; };
		AB51F80719A9401700DEDA9F /* CSSettingsViewController.m */ = {isa = PBXFileReference; fileEncoding = 4; lastKnownFileType = sourcecode.c.objc; path = CSSettingsViewController.m; sourceTree = "<group>"; };
		AB51F80819A9401700DEDA9F /* CSSettingsViewController.xib */ = {isa = PBXFileReference; fileEncoding = 4; lastKnownFileType = file.xib; path = CSSettingsViewController.xib; sourceTree = "<group>"; };
		AB51F80919A9401700DEDA9F /* CSStoriesTableViewController.h */ = {isa = PBXFileReference; fileEncoding = 4; lastKnownFileType = sourcecode.c.h; path = CSStoriesTableViewController.h; sourceTree = "<group>"; };
		AB51F80A19A9401700DEDA9F /* CSStoriesTableViewController.m */ = {isa = PBXFileReference; fileEncoding = 4; lastKnownFileType = sourcecode.c.objc; path = CSStoriesTableViewController.m; sourceTree = "<group>"; };
		AB51F80B19A9401700DEDA9F /* CSStoriesTableViewController.xib */ = {isa = PBXFileReference; fileEncoding = 4; lastKnownFileType = file.xib; path = CSStoriesTableViewController.xib; sourceTree = "<group>"; };
		AB51F80C19A9401700DEDA9F /* CSStoryCell.h */ = {isa = PBXFileReference; fileEncoding = 4; lastKnownFileType = sourcecode.c.h; path = CSStoryCell.h; sourceTree = "<group>"; };
		AB51F80D19A9401700DEDA9F /* CSStoryCell.m */ = {isa = PBXFileReference; fileEncoding = 4; lastKnownFileType = sourcecode.c.objc; path = CSStoryCell.m; sourceTree = "<group>"; };
		AB51F80E19A9401700DEDA9F /* CSStoryCell.xib */ = {isa = PBXFileReference; fileEncoding = 4; lastKnownFileType = file.xib; path = CSStoryCell.xib; sourceTree = "<group>"; };
		AB51F80F19A9401700DEDA9F /* CSStoryViewController.h */ = {isa = PBXFileReference; fileEncoding = 4; lastKnownFileType = sourcecode.c.h; path = CSStoryViewController.h; sourceTree = "<group>"; };
		AB51F81019A9401700DEDA9F /* CSStoryViewController.m */ = {isa = PBXFileReference; fileEncoding = 4; lastKnownFileType = sourcecode.c.objc; path = CSStoryViewController.m; sourceTree = "<group>"; };
		AB51F81119A9401700DEDA9F /* CSStoryViewController.xib */ = {isa = PBXFileReference; fileEncoding = 4; lastKnownFileType = file.xib; path = CSStoryViewController.xib; sourceTree = "<group>"; };
		AB51F81219A9401700DEDA9F /* NetworkStubs.h */ = {isa = PBXFileReference; fileEncoding = 4; lastKnownFileType = sourcecode.c.h; path = NetworkStubs.h; sourceTree = "<group>"; };
		AB51F81319A9401700DEDA9F /* NetworkStubs.m */ = {isa = PBXFileReference; fileEncoding = 4; lastKnownFileType = sourcecode.c.objc; path = NetworkStubs.m; sourceTree = "<group>"; };
		AB51F81519A9401700DEDA9F /* OHHTTPStubs+NSURLSessionConfiguration.m */ = {isa = PBXFileReference; fileEncoding = 4; lastKnownFileType = sourcecode.c.objc; path = "OHHTTPStubs+NSURLSessionConfiguration.m"; sourceTree = "<group>"; };
		AB51F81619A9401700DEDA9F /* OHHTTPStubs.h */ = {isa = PBXFileReference; fileEncoding = 4; lastKnownFileType = sourcecode.c.h; path = OHHTTPStubs.h; sourceTree = "<group>"; };
		AB51F81719A9401700DEDA9F /* OHHTTPStubs.m */ = {isa = PBXFileReference; fileEncoding = 4; lastKnownFileType = sourcecode.c.objc; path = OHHTTPStubs.m; sourceTree = "<group>"; };
		AB51F81819A9401700DEDA9F /* OHHTTPStubsResponse+HTTPMessage.h */ = {isa = PBXFileReference; fileEncoding = 4; lastKnownFileType = sourcecode.c.h; path = "OHHTTPStubsResponse+HTTPMessage.h"; sourceTree = "<group>"; };
		AB51F81919A9401700DEDA9F /* OHHTTPStubsResponse+HTTPMessage.m */ = {isa = PBXFileReference; fileEncoding = 4; lastKnownFileType = sourcecode.c.objc; path = "OHHTTPStubsResponse+HTTPMessage.m"; sourceTree = "<group>"; };
		AB51F81A19A9401700DEDA9F /* OHHTTPStubsResponse+JSON.h */ = {isa = PBXFileReference; fileEncoding = 4; lastKnownFileType = sourcecode.c.h; path = "OHHTTPStubsResponse+JSON.h"; sourceTree = "<group>"; };
		AB51F81B19A9401700DEDA9F /* OHHTTPStubsResponse+JSON.m */ = {isa = PBXFileReference; fileEncoding = 4; lastKnownFileType = sourcecode.c.objc; path = "OHHTTPStubsResponse+JSON.m"; sourceTree = "<group>"; };
		AB51F81C19A9401700DEDA9F /* OHHTTPStubsResponse.h */ = {isa = PBXFileReference; fileEncoding = 4; lastKnownFileType = sourcecode.c.h; path = OHHTTPStubsResponse.h; sourceTree = "<group>"; };
		AB51F81D19A9401700DEDA9F /* OHHTTPStubsResponse.m */ = {isa = PBXFileReference; fileEncoding = 4; lastKnownFileType = sourcecode.c.objc; path = OHHTTPStubsResponse.m; sourceTree = "<group>"; };
		AB51F81E19A9401700DEDA9F /* stories.json */ = {isa = PBXFileReference; fileEncoding = 4; lastKnownFileType = text.json; path = stories.json; sourceTree = "<group>"; };
/* End PBXFileReference section */

/* Begin PBXFrameworksBuildPhase section */
		AB51F7CB19A93FE100DEDA9F /* Frameworks */ = {
			isa = PBXFrameworksBuildPhase;
			buildActionMask = 2147483647;
			files = (
				AB51F7D419A93FE100DEDA9F /* CoreGraphics.framework in Frameworks */,
				AB51F7D619A93FE100DEDA9F /* UIKit.framework in Frameworks */,
				AB51F7D219A93FE100DEDA9F /* Foundation.framework in Frameworks */,
			);
			runOnlyForDeploymentPostprocessing = 0;
		};
		AB51F7E619A93FE100DEDA9F /* Frameworks */ = {
			isa = PBXFrameworksBuildPhase;
			buildActionMask = 2147483647;
			files = (
				AB51F7EB19A93FE100DEDA9F /* XCTest.framework in Frameworks */,
				AB51F7ED19A93FE100DEDA9F /* UIKit.framework in Frameworks */,
				AB51F7EC19A93FE100DEDA9F /* Foundation.framework in Frameworks */,
			);
			runOnlyForDeploymentPostprocessing = 0;
		};
/* End PBXFrameworksBuildPhase section */

/* Begin PBXGroup section */
		AB51F7C519A93FE100DEDA9F = {
			isa = PBXGroup;
			children = (
				AB51F7D719A93FE100DEDA9F /* Project4-Drag-Start */,
				AB51F7F019A93FE100DEDA9F /* Project4-Drag-StartTests */,
				AB51F7D019A93FE100DEDA9F /* Frameworks */,
				AB51F7CF19A93FE100DEDA9F /* Products */,
			);
			sourceTree = "<group>";
		};
		AB51F7CF19A93FE100DEDA9F /* Products */ = {
			isa = PBXGroup;
			children = (
				AB51F7CE19A93FE100DEDA9F /* Project4-Drag-Start.app */,
				AB51F7E919A93FE100DEDA9F /* Project4-Drag-StartTests.xctest */,
			);
			name = Products;
			sourceTree = "<group>";
		};
		AB51F7D019A93FE100DEDA9F /* Frameworks */ = {
			isa = PBXGroup;
			children = (
				AB51F7D119A93FE100DEDA9F /* Foundation.framework */,
				AB51F7D319A93FE100DEDA9F /* CoreGraphics.framework */,
				AB51F7D519A93FE100DEDA9F /* UIKit.framework */,
				AB51F7EA19A93FE100DEDA9F /* XCTest.framework */,
			);
			name = Frameworks;
			sourceTree = "<group>";
		};
		AB51F7D719A93FE100DEDA9F /* Project4-Drag-Start */ = {
			isa = PBXGroup;
			children = (
				AB51F83219A9402E00DEDA9F /* Controllers */,
				AB51F83119A9402100DEDA9F /* Views */,
				AB51F83319A9403700DEDA9F /* Mock Data */,
				AB51F7E019A93FE100DEDA9F /* CSAppDelegate.h */,
				AB51F7E119A93FE100DEDA9F /* CSAppDelegate.m */,
				AB51F7E319A93FE100DEDA9F /* Images.xcassets */,
				AB51F7D819A93FE100DEDA9F /* Supporting Files */,
			);
			path = "Project4-Drag-Start";
			sourceTree = "<group>";
		};
		AB51F7D819A93FE100DEDA9F /* Supporting Files */ = {
			isa = PBXGroup;
			children = (
				AB51F7D919A93FE100DEDA9F /* Project4-Drag-Start-Info.plist */,
				AB51F7DA19A93FE100DEDA9F /* InfoPlist.strings */,
				AB51F7DD19A93FE100DEDA9F /* main.m */,
				AB51F7DF19A93FE100DEDA9F /* Project4-Drag-Start-Prefix.pch */,
			);
			name = "Supporting Files";
			sourceTree = "<group>";
		};
		AB51F7F019A93FE100DEDA9F /* Project4-Drag-StartTests */ = {
			isa = PBXGroup;
			children = (
				AB51F7F619A93FE100DEDA9F /* Project4_Drag_StartTests.m */,
				AB51F7F119A93FE100DEDA9F /* Supporting Files */,
			);
			path = "Project4-Drag-StartTests";
			sourceTree = "<group>";
		};
		AB51F7F119A93FE100DEDA9F /* Supporting Files */ = {
			isa = PBXGroup;
			children = (
				AB51F7F219A93FE100DEDA9F /* Project4-Drag-StartTests-Info.plist */,
				AB51F7F319A93FE100DEDA9F /* InfoPlist.strings */,
			);
			name = "Supporting Files";
			sourceTree = "<group>";
		};
		AB51F81419A9401700DEDA9F /* OHHTTPStubs */ = {
			isa = PBXGroup;
			children = (
				AB51F81519A9401700DEDA9F /* OHHTTPStubs+NSURLSessionConfiguration.m */,
				AB51F81619A9401700DEDA9F /* OHHTTPStubs.h */,
				AB51F81719A9401700DEDA9F /* OHHTTPStubs.m */,
				AB51F81819A9401700DEDA9F /* OHHTTPStubsResponse+HTTPMessage.h */,
				AB51F81919A9401700DEDA9F /* OHHTTPStubsResponse+HTTPMessage.m */,
				AB51F81A19A9401700DEDA9F /* OHHTTPStubsResponse+JSON.h */,
				AB51F81B19A9401700DEDA9F /* OHHTTPStubsResponse+JSON.m */,
				AB51F81C19A9401700DEDA9F /* OHHTTPStubsResponse.h */,
				AB51F81D19A9401700DEDA9F /* OHHTTPStubsResponse.m */,
			);
			path = OHHTTPStubs;
			sourceTree = "<group>";
		};
		AB51F83119A9402100DEDA9F /* Views */ = {
			isa = PBXGroup;
			children = (
				AB51F80019A9401700DEDA9F /* CSAuthorView.h */,
				AB51F80119A9401700DEDA9F /* CSAuthorView.m */,
				AB51F80819A9401700DEDA9F /* CSSettingsViewController.xib */,
				AB51F80B19A9401700DEDA9F /* CSStoriesTableViewController.xib */,
				AB51F81119A9401700DEDA9F /* CSStoryViewController.xib */,
				AB51F80C19A9401700DEDA9F /* CSStoryCell.h */,
				AB51F80D19A9401700DEDA9F /* CSStoryCell.m */,
				AB51F80E19A9401700DEDA9F /* CSStoryCell.xib */,
			);
			name = Views;
			sourceTree = "<group>";
		};
		AB51F83219A9402E00DEDA9F /* Controllers */ = {
			isa = PBXGroup;
			children = (
				AB51F80219A9401700DEDA9F /* CSDismissSettingsAnimatorController.h */,
				AB51F80319A9401700DEDA9F /* CSDismissSettingsAnimatorController.m */,
				AB51F80419A9401700DEDA9F /* CSPresentSettingsAnimationController.h */,
				AB51F80519A9401700DEDA9F /* CSPresentSettingsAnimationController.m */,
				AB51F80619A9401700DEDA9F /* CSSettingsViewController.h */,
				AB51F80719A9401700DEDA9F /* CSSettingsViewController.m */,
				AB51F80919A9401700DEDA9F /* CSStoriesTableViewController.h */,
				AB51F80A19A9401700DEDA9F /* CSStoriesTableViewController.m */,
				AB51F80F19A9401700DEDA9F /* CSStoryViewController.h */,
				AB51F81019A9401700DEDA9F /* CSStoryViewController.m */,
			);
			name = Controllers;
			sourceTree = "<group>";
		};
		AB51F83319A9403700DEDA9F /* Mock Data */ = {
			isa = PBXGroup;
			children = (
				AB51F81219A9401700DEDA9F /* NetworkStubs.h */,
				AB51F81319A9401700DEDA9F /* NetworkStubs.m */,
				AB51F81419A9401700DEDA9F /* OHHTTPStubs */,
				AB51F81E19A9401700DEDA9F /* stories.json */,
			);
			name = "Mock Data";
			sourceTree = "<group>";
		};
/* End PBXGroup section */

/* Begin PBXNativeTarget section */
		AB51F7CD19A93FE100DEDA9F /* Project4-Drag-Start */ = {
			isa = PBXNativeTarget;
			buildConfigurationList = AB51F7FA19A93FE100DEDA9F /* Build configuration list for PBXNativeTarget "Project4-Drag-Start" */;
			buildPhases = (
				AB51F7CA19A93FE100DEDA9F /* Sources */,
				AB51F7CB19A93FE100DEDA9F /* Frameworks */,
				AB51F7CC19A93FE100DEDA9F /* Resources */,
			);
			buildRules = (
			);
			dependencies = (
			);
			name = "Project4-Drag-Start";
			productName = "Project4-Drag-Start";
			productReference = AB51F7CE19A93FE100DEDA9F /* Project4-Drag-Start.app */;
			productType = "com.apple.product-type.application";
		};
		AB51F7E819A93FE100DEDA9F /* Project4-Drag-StartTests */ = {
			isa = PBXNativeTarget;
			buildConfigurationList = AB51F7FD19A93FE100DEDA9F /* Build configuration list for PBXNativeTarget "Project4-Drag-StartTests" */;
			buildPhases = (
				AB51F7E519A93FE100DEDA9F /* Sources */,
				AB51F7E619A93FE100DEDA9F /* Frameworks */,
				AB51F7E719A93FE100DEDA9F /* Resources */,
			);
			buildRules = (
			);
			dependencies = (
				AB51F7EF19A93FE100DEDA9F /* PBXTargetDependency */,
			);
			name = "Project4-Drag-StartTests";
			productName = "Project4-Drag-StartTests";
			productReference = AB51F7E919A93FE100DEDA9F /* Project4-Drag-StartTests.xctest */;
			productType = "com.apple.product-type.bundle.unit-test";
		};
/* End PBXNativeTarget section */

/* Begin PBXProject section */
		AB51F7C619A93FE100DEDA9F /* Project object */ = {
			isa = PBXProject;
			attributes = {
				CLASSPREFIX = CS;
				LastUpgradeCheck = 0510;
				ORGANIZATIONNAME = "Code School";
				TargetAttributes = {
					AB51F7E819A93FE100DEDA9F = {
						TestTargetID = AB51F7CD19A93FE100DEDA9F;
					};
				};
			};
			buildConfigurationList = AB51F7C919A93FE100DEDA9F /* Build configuration list for PBXProject "Project4-Drag-Start" */;
			compatibilityVersion = "Xcode 3.2";
			developmentRegion = English;
			hasScannedForEncodings = 0;
			knownRegions = (
				en,
			);
			mainGroup = AB51F7C519A93FE100DEDA9F;
			productRefGroup = AB51F7CF19A93FE100DEDA9F /* Products */;
			projectDirPath = "";
			projectRoot = "";
			targets = (
				AB51F7CD19A93FE100DEDA9F /* Project4-Drag-Start */,
				AB51F7E819A93FE100DEDA9F /* Project4-Drag-StartTests */,
			);
		};
/* End PBXProject section */

/* Begin PBXResourcesBuildPhase section */
		AB51F7CC19A93FE100DEDA9F /* Resources */ = {
			isa = PBXResourcesBuildPhase;
			buildActionMask = 2147483647;
			files = (
				AB51F82319A9401700DEDA9F /* CSSettingsViewController.xib in Resources */,
				AB51F7DC19A93FE100DEDA9F /* InfoPlist.strings in Resources */,
				AB51F82919A9401700DEDA9F /* CSStoryViewController.xib in Resources */,
				AB51F82519A9401700DEDA9F /* CSStoriesTableViewController.xib in Resources */,
				AB51F82719A9401700DEDA9F /* CSStoryCell.xib in Resources */,
				AB51F83019A9401700DEDA9F /* stories.json in Resources */,
				AB51F7E419A93FE100DEDA9F /* Images.xcassets in Resources */,
			);
			runOnlyForDeploymentPostprocessing = 0;
		};
		AB51F7E719A93FE100DEDA9F /* Resources */ = {
			isa = PBXResourcesBuildPhase;
			buildActionMask = 2147483647;
			files = (
				AB51F7F519A93FE100DEDA9F /* InfoPlist.strings in Resources */,
			);
			runOnlyForDeploymentPostprocessing = 0;
		};
/* End PBXResourcesBuildPhase section */

/* Begin PBXSourcesBuildPhase section */
		AB51F7CA19A93FE100DEDA9F /* Sources */ = {
			isa = PBXSourcesBuildPhase;
			buildActionMask = 2147483647;
			files = (
				AB51F82F19A9401700DEDA9F /* OHHTTPStubsResponse.m in Sources */,
				AB51F82D19A9401700DEDA9F /* OHHTTPStubsResponse+HTTPMessage.m in Sources */,
				AB51F7E219A93FE100DEDA9F /* CSAppDelegate.m in Sources */,
				AB51F81F19A9401700DEDA9F /* CSAuthorView.m in Sources */,
				AB51F82A19A9401700DEDA9F /* NetworkStubs.m in Sources */,
				AB51F82419A9401700DEDA9F /* CSStoriesTableViewController.m in Sources */,
				AB51F82C19A9401700DEDA9F /* OHHTTPStubs.m in Sources */,
				AB51F82819A9401700DEDA9F /* CSStoryViewController.m in Sources */,
				AB51F82019A9401700DEDA9F /* CSDismissSettingsAnimatorController.m in Sources */,
				AB51F82119A9401700DEDA9F /* CSPresentSettingsAnimationController.m in Sources */,
				AB51F7DE19A93FE100DEDA9F /* main.m in Sources */,
				AB51F82219A9401700DEDA9F /* CSSettingsViewController.m in Sources */,
				AB51F82619A9401700DEDA9F /* CSStoryCell.m in Sources */,
				AB51F82B19A9401700DEDA9F /* OHHTTPStubs+NSURLSessionConfiguration.m in Sources */,
				AB51F82E19A9401700DEDA9F /* OHHTTPStubsResponse+JSON.m in Sources */,
			);
			runOnlyForDeploymentPostprocessing = 0;
		};
		AB51F7E519A93FE100DEDA9F /* Sources */ = {
			isa = PBXSourcesBuildPhase;
			buildActionMask = 2147483647;
			files = (
				AB51F7F719A93FE100DEDA9F /* Project4_Drag_StartTests.m in Sources */,
			);
			runOnlyForDeploymentPostprocessing = 0;
		};
/* End PBXSourcesBuildPhase section */

/* Begin PBXTargetDependency section */
		AB51F7EF19A93FE100DEDA9F /* PBXTargetDependency */ = {
			isa = PBXTargetDependency;
			target = AB51F7CD19A93FE100DEDA9F /* Project4-Drag-Start */;
			targetProxy = AB51F7EE19A93FE100DEDA9F /* PBXContainerItemProxy */;
		};
/* End PBXTargetDependency section */

/* Begin PBXVariantGroup section */
		AB51F7DA19A93FE100DEDA9F /* InfoPlist.strings */ = {
			isa = PBXVariantGroup;
			children = (
				AB51F7DB19A93FE100DEDA9F /* en */,
			);
			name = InfoPlist.strings;
			sourceTree = "<group>";
		};
		AB51F7F319A93FE100DEDA9F /* InfoPlist.strings */ = {
			isa = PBXVariantGroup;
			children = (
				AB51F7F419A93FE100DEDA9F /* en */,
			);
			name = InfoPlist.strings;
			sourceTree = "<group>";
		};
/* End PBXVariantGroup section */

/* Begin XCBuildConfiguration section */
		AB51F7F819A93FE100DEDA9F /* Debug */ = {
			isa = XCBuildConfiguration;
			buildSettings = {
				ALWAYS_SEARCH_USER_PATHS = NO;
				CLANG_CXX_LANGUAGE_STANDARD = "gnu++0x";
				CLANG_CXX_LIBRARY = "libc++";
				CLANG_ENABLE_MODULES = YES;
				CLANG_ENABLE_OBJC_ARC = YES;
				CLANG_WARN_BOOL_CONVERSION = YES;
				CLANG_WARN_CONSTANT_CONVERSION = YES;
				CLANG_WARN_DIRECT_OBJC_ISA_USAGE = YES_ERROR;
				CLANG_WARN_EMPTY_BODY = YES;
				CLANG_WARN_ENUM_CONVERSION = YES;
				CLANG_WARN_INT_CONVERSION = YES;
				CLANG_WARN_OBJC_ROOT_CLASS = YES_ERROR;
				CLANG_WARN__DUPLICATE_METHOD_MATCH = YES;
				"CODE_SIGN_IDENTITY[sdk=iphoneos*]" = "iPhone Developer";
				COPY_PHASE_STRIP = NO;
				GCC_C_LANGUAGE_STANDARD = gnu99;
				GCC_DYNAMIC_NO_PIC = NO;
				GCC_OPTIMIZATION_LEVEL = 0;
				GCC_PREPROCESSOR_DEFINITIONS = (
					"DEBUG=1",
					"$(inherited)",
				);
				GCC_SYMBOLS_PRIVATE_EXTERN = NO;
				GCC_WARN_64_TO_32_BIT_CONVERSION = YES;
				GCC_WARN_ABOUT_RETURN_TYPE = YES_ERROR;
				GCC_WARN_UNDECLARED_SELECTOR = YES;
				GCC_WARN_UNINITIALIZED_AUTOS = YES_AGGRESSIVE;
				GCC_WARN_UNUSED_FUNCTION = YES;
				GCC_WARN_UNUSED_VARIABLE = YES;
				IPHONEOS_DEPLOYMENT_TARGET = 7.1;
				ONLY_ACTIVE_ARCH = YES;
				SDKROOT = iphoneos;
			};
			name = Debug;
		};
		AB51F7F919A93FE100DEDA9F /* Release */ = {
			isa = XCBuildConfiguration;
			buildSettings = {
				ALWAYS_SEARCH_USER_PATHS = NO;
				CLANG_CXX_LANGUAGE_STANDARD = "gnu++0x";
				CLANG_CXX_LIBRARY = "libc++";
				CLANG_ENABLE_MODULES = YES;
				CLANG_ENABLE_OBJC_ARC = YES;
				CLANG_WARN_BOOL_CONVERSION = YES;
				CLANG_WARN_CONSTANT_CONVERSION = YES;
				CLANG_WARN_DIRECT_OBJC_ISA_USAGE = YES_ERROR;
				CLANG_WARN_EMPTY_BODY = YES;
				CLANG_WARN_ENUM_CONVERSION = YES;
				CLANG_WARN_INT_CONVERSION = YES;
				CLANG_WARN_OBJC_ROOT_CLASS = YES_ERROR;
				CLANG_WARN__DUPLICATE_METHOD_MATCH = YES;
				"CODE_SIGN_IDENTITY[sdk=iphoneos*]" = "iPhone Developer";
				COPY_PHASE_STRIP = YES;
				ENABLE_NS_ASSERTIONS = NO;
				GCC_C_LANGUAGE_STANDARD = gnu99;
				GCC_WARN_64_TO_32_BIT_CONVERSION = YES;
				GCC_WARN_ABOUT_RETURN_TYPE = YES_ERROR;
				GCC_WARN_UNDECLARED_SELECTOR = YES;
				GCC_WARN_UNINITIALIZED_AUTOS = YES_AGGRESSIVE;
				GCC_WARN_UNUSED_FUNCTION = YES;
				GCC_WARN_UNUSED_VARIABLE = YES;
				IPHONEOS_DEPLOYMENT_TARGET = 7.1;
				SDKROOT = iphoneos;
				VALIDATE_PRODUCT = YES;
			};
			name = Release;
		};
		AB51F7FB19A93FE100DEDA9F /* Debug */ = {
			isa = XCBuildConfiguration;
			buildSettings = {
				ASSETCATALOG_COMPILER_APPICON_NAME = AppIcon;
				ASSETCATALOG_COMPILER_LAUNCHIMAGE_NAME = LaunchImage;
				GCC_PRECOMPILE_PREFIX_HEADER = YES;
				GCC_PREFIX_HEADER = "Project4-Drag-Start/Project4-Drag-Start-Prefix.pch";
				INFOPLIST_FILE = "Project4-Drag-Start/Project4-Drag-Start-Info.plist";
				PRODUCT_NAME = "$(TARGET_NAME)";
				WRAPPER_EXTENSION = app;
			};
			name = Debug;
		};
		AB51F7FC19A93FE100DEDA9F /* Release */ = {
			isa = XCBuildConfiguration;
			buildSettings = {
				ASSETCATALOG_COMPILER_APPICON_NAME = AppIcon;
				ASSETCATALOG_COMPILER_LAUNCHIMAGE_NAME = LaunchImage;
				GCC_PRECOMPILE_PREFIX_HEADER = YES;
				GCC_PREFIX_HEADER = "Project4-Drag-Start/Project4-Drag-Start-Prefix.pch";
				INFOPLIST_FILE = "Project4-Drag-Start/Project4-Drag-Start-Info.plist";
				PRODUCT_NAME = "$(TARGET_NAME)";
				WRAPPER_EXTENSION = app;
			};
			name = Release;
		};
		AB51F7FE19A93FE100DEDA9F /* Debug */ = {
			isa = XCBuildConfiguration;
			buildSettings = {
				BUNDLE_LOADER = "$(BUILT_PRODUCTS_DIR)/Project4-Drag-Start.app/Project4-Drag-Start";
				FRAMEWORK_SEARCH_PATHS = (
					"$(SDKROOT)/Developer/Library/Frameworks",
					"$(inherited)",
					"$(DEVELOPER_FRAMEWORKS_DIR)",
				);
				GCC_PRECOMPILE_PREFIX_HEADER = YES;
				GCC_PREFIX_HEADER = "Project4-Drag-Start/Project4-Drag-Start-Prefix.pch";
				GCC_PREPROCESSOR_DEFINITIONS = (
					"DEBUG=1",
					"$(inherited)",
				);
				INFOPLIST_FILE = "Project4-Drag-StartTests/Project4-Drag-StartTests-Info.plist";
				PRODUCT_NAME = "$(TARGET_NAME)";
				TEST_HOST = "$(BUNDLE_LOADER)";
				WRAPPER_EXTENSION = xctest;
			};
			name = Debug;
		};
		AB51F7FF19A93FE100DEDA9F /* Release */ = {
			isa = XCBuildConfiguration;
			buildSettings = {
				BUNDLE_LOADER = "$(BUILT_PRODUCTS_DIR)/Project4-Drag-Start.app/Project4-Drag-Start";
				FRAMEWORK_SEARCH_PATHS = (
					"$(SDKROOT)/Developer/Library/Frameworks",
					"$(inherited)",
					"$(DEVELOPER_FRAMEWORKS_DIR)",
				);
				GCC_PRECOMPILE_PREFIX_HEADER = YES;
				GCC_PREFIX_HEADER = "Project4-Drag-Start/Project4-Drag-Start-Prefix.pch";
				INFOPLIST_FILE = "Project4-Drag-StartTests/Project4-Drag-StartTests-Info.plist";
				PRODUCT_NAME = "$(TARGET_NAME)";
				TEST_HOST = "$(BUNDLE_LOADER)";
				WRAPPER_EXTENSION = xctest;
			};
			name = Release;
		};
/* End XCBuildConfiguration section */

/* Begin XCConfigurationList section */
		AB51F7C919A93FE100DEDA9F /* Build configuration list for PBXProject "Project4-Drag-Start" */ = {
			isa = XCConfigurationList;
			buildConfigurations = (
				AB51F7F819A93FE100DEDA9F /* Debug */,
				AB51F7F919A93FE100DEDA9F /* Release */,
			);
			defaultConfigurationIsVisible = 0;
			defaultConfigurationName = Release;
		};
		AB51F7FA19A93FE100DEDA9F /* Build configuration list for PBXNativeTarget "Project4-Drag-Start" */ = {
			isa = XCConfigurationList;
			buildConfigurations = (
				AB51F7FB19A93FE100DEDA9F /* Debug */,
				AB51F7FC19A93FE100DEDA9F /* Release */,
			);
			defaultConfigurationIsVisible = 0;
		};
		AB51F7FD19A93FE100DEDA9F /* Build configuration list for PBXNativeTarget "Project4-Drag-StartTests" */ = {
			isa = XCConfigurationList;
			buildConfigurations = (
				AB51F7FE19A93FE100DEDA9F /* Debug */,
				AB51F7FF19A93FE100DEDA9F /* Release */,
			);
			defaultConfigurationIsVisible = 0;
		};
/* End XCConfigurationList section */
	};
	rootObject = AB51F7C619A93FE100DEDA9F /* Project object */;
}
